
Microsoft Visual Studio Solution File, Format Version 12.00
# Visual Studio 14
VisualStudioVersion = 14.0.25420.1
MinimumVisualStudioVersion = 10.0.40219.1
Project("{8BC9CEB8-8B4A-11D0-8D11-00A0C91BC942}") = "Group3", "Group3\Group3.vcxproj", "{68EDE306-4E2E-40A7-891F-136188D367DB}"
EndProject
Project("{8BC9CEB8-8B4A-11D0-8D11-00A0C91BC942}") = "SpecialOverloadings", "SpecialOverloadings\SpecialOverloadings.vcxproj", "{64A1DE32-D78B-46BF-9E1E-B4070F875CE0}"
EndProject
Project("{8BC9CEB8-8B4A-11D0-8D11-00A0C91BC942}") = "Tree", "Tree\Tree.vcxproj", "{933F47FA-6FAB-42D6-B760-920BA0475783}"
EndProject
Project("{8BC9CEB8-8B4A-11D0-8D11-00A0C91BC942}") = "Templates", "Templates\Templates.vcxproj", "{8CFF69AB-5B96-4C21-827D-BC8B35616177}"
EndProject
Global
	GlobalSection(SolutionConfigurationPlatforms) = preSolution
		Debug|x64 = Debug|x64
		Debug|x86 = Debug|x86
		Release|x64 = Release|x64
		Release|x86 = Release|x86
	EndGlobalSection
	GlobalSection(ProjectConfigurationPlatforms) = postSolution
		{68EDE306-4E2E-40A7-891F-136188D367DB}.Debug|x64.ActiveCfg = Debug|x64
		{68EDE306-4E2E-40A7-891F-136188D367DB}.Debug|x64.Build.0 = Debug|x64
		{68EDE306-4E2E-40A7-891F-136188D367DB}.Debug|x86.ActiveCfg = Debug|Win32
		{68EDE306-4E2E-40A7-891F-136188D367DB}.Debug|x86.Build.0 = Debug|Win32
		{68EDE306-4E2E-40A7-891F-136188D367DB}.Release|x64.ActiveCfg = Release|x64
		{68EDE306-4E2E-40A7-891F-136188D367DB}.Release|x64.Build.0 = Release|x64
		{68EDE306-4E2E-40A7-891F-136188D367DB}.Release|x86.ActiveCfg = Release|Win32
		{68EDE306-4E2E-40A7-891F-136188D367DB}.Release|x86.Build.0 = Release|Win32
		{64A1DE32-D78B-46BF-9E1E-B4070F875CE0}.Debug|x64.ActiveCfg = Debug|x64
		{64A1DE32-D78B-46BF-9E1E-B4070F875CE0}.Debug|x64.Build.0 = Debug|x64
		{64A1DE32-D78B-46BF-9E1E-B4070F875CE0}.Debug|x86.ActiveCfg = Debug|Win32
		{64A1DE32-D78B-46BF-9E1E-B4070F875CE0}.Debug|x86.Build.0 = Debug|Win32
		{64A1DE32-D78B-46BF-9E1E-B4070F875CE0}.Release|x64.ActiveCfg = Release|x64
		{64A1DE32-D78B-46BF-9E1E-B4070F875CE0}.Release|x64.Build.0 = Release|x64
		{64A1DE32-D78B-46BF-9E1E-B4070F875CE0}.Release|x86.ActiveCfg = Release|Win32
		{64A1DE32-D78B-46BF-9E1E-B4070F875CE0}.Release|x86.Build.0 = Release|Win32
		{933F47FA-6FAB-42D6-B760-920BA0475783}.Debug|x64.ActiveCfg = Debug|x64
		{933F47FA-6FAB-42D6-B760-920BA0475783}.Debug|x64.Build.0 = Debug|x64
		{933F47FA-6FAB-42D6-B760-920BA0475783}.Debug|x86.ActiveCfg = Debug|Win32
		{933F47FA-6FAB-42D6-B760-920BA0475783}.Debug|x86.Build.0 = Debug|Win32
		{933F47FA-6FAB-42D6-B760-920BA0475783}.Release|x64.ActiveCfg = Release|x64
		{933F47FA-6FAB-42D6-B760-920BA0475783}.Release|x64.Build.0 = Release|x64
		{933F47FA-6FAB-42D6-B760-920BA0475783}.Release|x86.ActiveCfg = Release|Win32
		{933F47FA-6FAB-42D6-B760-920BA0475783}.Release|x86.Build.0 = Release|Win32
		{8CFF69AB-5B96-4C21-827D-BC8B35616177}.Debug|x64.ActiveCfg = Debug|x64
		{8CFF69AB-5B96-4C21-827D-BC8B35616177}.Debug|x64.Build.0 = Debug|x64
		{8CFF69AB-5B96-4C21-827D-BC8B35616177}.Debug|x86.ActiveCfg = Debug|Win32
		{8CFF69AB-5B96-4C21-827D-BC8B35616177}.Debug|x86.Build.0 = Debug|Win32
		{8CFF69AB-5B96-4C21-827D-BC8B35616177}.Release|x64.ActiveCfg = Release|x64
		{8CFF69AB-5B96-4C21-827D-BC8B35616177}.Release|x64.Build.0 = Release|x64
		{8CFF69AB-5B96-4C21-827D-BC8B35616177}.Release|x86.ActiveCfg = Release|Win32
		{8CFF69AB-5B96-4C21-827D-BC8B35616177}.Release|x86.Build.0 = Release|Win32
	EndGlobalSection
	GlobalSection(SolutionProperties) = preSolution
		HideSolutionNode = FALSE
	EndGlobalSection
EndGlobal
